// !$*UTF8*$!
{
	archiveVersion = 1;
	classes = {
	};
	objectVersion = 50;
	objects = {

/* Begin PBXBuildFile section */
		824FFE4A24B31C2900910DB7 /* Intervals.swift in Sources */ = {isa = PBXBuildFile; fileRef = 824FFE4924B31C2900910DB7 /* Intervals.swift */; };
		8250AED424B472F5000E69D6 /* SemaforTableViewCell.swift in Sources */ = {isa = PBXBuildFile; fileRef = 8250AED324B472F5000E69D6 /* SemaforTableViewCell.swift */; };
		8250AED624B47315000E69D6 /* SemaforTableViewController.swift in Sources */ = {isa = PBXBuildFile; fileRef = 8250AED524B47315000E69D6 /* SemaforTableViewController.swift */; };
		8259FA0B24B5E21100371AEE /* UIView+Additions.swift in Sources */ = {isa = PBXBuildFile; fileRef = 8259FA0A24B5E21100371AEE /* UIView+Additions.swift */; };
		8264459424C0681600F95B5C /* ManjiSemaforView.swift in Sources */ = {isa = PBXBuildFile; fileRef = 8264459324C0681600F95B5C /* ManjiSemaforView.swift */; };
		82A8473524AF36630002AED8 /* AppDelegate.swift in Sources */ = {isa = PBXBuildFile; fileRef = 82A8473424AF36630002AED8 /* AppDelegate.swift */; };
		82A8473724AF36630002AED8 /* SceneDelegate.swift in Sources */ = {isa = PBXBuildFile; fileRef = 82A8473624AF36630002AED8 /* SceneDelegate.swift */; };
		82A8473924AF36630002AED8 /* ViewController.swift in Sources */ = {isa = PBXBuildFile; fileRef = 82A8473824AF36630002AED8 /* ViewController.swift */; };
		82A8473C24AF36630002AED8 /* Main.storyboard in Resources */ = {isa = PBXBuildFile; fileRef = 82A8473A24AF36630002AED8 /* Main.storyboard */; };
		82A8473E24AF36670002AED8 /* Assets.xcassets in Resources */ = {isa = PBXBuildFile; fileRef = 82A8473D24AF36670002AED8 /* Assets.xcassets */; };
		82A8474124AF36670002AED8 /* LaunchScreen.storyboard in Resources */ = {isa = PBXBuildFile; fileRef = 82A8473F24AF36670002AED8 /* LaunchScreen.storyboard */; };
		82A8475624AF44440002AED8 /* SemaforView.swift in Sources */ = {isa = PBXBuildFile; fileRef = 82A8475524AF44440002AED8 /* SemaforView.swift */; };
/* End PBXBuildFile section */

/* Begin PBXFileReference section */
		824FFE4924B31C2900910DB7 /* Intervals.swift */ = {isa = PBXFileReference; lastKnownFileType = sourcecode.swift; path = Intervals.swift; sourceTree = "<group>"; };
		8250AED324B472F5000E69D6 /* SemaforTableViewCell.swift */ = {isa = PBXFileReference; lastKnownFileType = sourcecode.swift; path = SemaforTableViewCell.swift; sourceTree = "<group>"; };
		8250AED524B47315000E69D6 /* SemaforTableViewController.swift */ = {isa = PBXFileReference; lastKnownFileType = sourcecode.swift; path = SemaforTableViewController.swift; sourceTree = "<group>"; };
		8259FA0A24B5E21100371AEE /* UIView+Additions.swift */ = {isa = PBXFileReference; lastKnownFileType = sourcecode.swift; path = "UIView+Additions.swift"; sourceTree = "<group>"; };
		8264459324C0681600F95B5C /* ManjiSemaforView.swift */ = {isa = PBXFileReference; lastKnownFileType = sourcecode.swift; path = ManjiSemaforView.swift; sourceTree = "<group>"; };
		82A8473124AF36630002AED8 /* Semafor.app */ = {isa = PBXFileReference; explicitFileType = wrapper.application; includeInIndex = 0; path = Semafor.app; sourceTree = BUILT_PRODUCTS_DIR; };
		82A8473424AF36630002AED8 /* AppDelegate.swift */ = {isa = PBXFileReference; lastKnownFileType = sourcecode.swift; path = AppDelegate.swift; sourceTree = "<group>"; };
		82A8473624AF36630002AED8 /* SceneDelegate.swift */ = {isa = PBXFileReference; lastKnownFileType = sourcecode.swift; path = SceneDelegate.swift; sourceTree = "<group>"; };
		82A8473824AF36630002AED8 /* ViewController.swift */ = {isa = PBXFileReference; lastKnownFileType = sourcecode.swift; name = ViewController.swift; path = ../ViewController.swift; sourceTree = "<group>"; };
		82A8473B24AF36630002AED8 /* Base */ = {isa = PBXFileReference; lastKnownFileType = file.storyboard; name = Base; path = Base.lproj/Main.storyboard; sourceTree = "<group>"; };
		82A8473D24AF36670002AED8 /* Assets.xcassets */ = {isa = PBXFileReference; lastKnownFileType = folder.assetcatalog; path = Assets.xcassets; sourceTree = "<group>"; };
		82A8474024AF36670002AED8 /* Base */ = {isa = PBXFileReference; lastKnownFileType = file.storyboard; name = Base; path = Base.lproj/LaunchScreen.storyboard; sourceTree = "<group>"; };
		82A8474224AF36670002AED8 /* Info.plist */ = {isa = PBXFileReference; lastKnownFileType = text.plist.xml; path = Info.plist; sourceTree = "<group>"; };
		82A8475524AF44440002AED8 /* SemaforView.swift */ = {isa = PBXFileReference; lastKnownFileType = sourcecode.swift; path = SemaforView.swift; sourceTree = "<group>"; };
/* End PBXFileReference section */

/* Begin PBXFrameworksBuildPhase section */
		82A8472E24AF36630002AED8 /* Frameworks */ = {
			isa = PBXFrameworksBuildPhase;
			buildActionMask = 2147483647;
			files = (
			);
			runOnlyForDeploymentPostprocessing = 0;
		};
/* End PBXFrameworksBuildPhase section */

/* Begin PBXGroup section */
		8259FA0924B5E1FA00371AEE /* Extensions */ = {
			isa = PBXGroup;
			children = (
				8259FA0A24B5E21100371AEE /* UIView+Additions.swift */,
			);
			path = Extensions;
			sourceTree = "<group>";
		};
		82A8472824AF36630002AED8 = {
			isa = PBXGroup;
			children = (
				82A8473324AF36630002AED8 /* Semafor */,
				82A8473224AF36630002AED8 /* Products */,
			);
			sourceTree = "<group>";
		};
		82A8473224AF36630002AED8 /* Products */ = {
			isa = PBXGroup;
			children = (
				82A8473124AF36630002AED8 /* Semafor.app */,
			);
			name = Products;
			sourceTree = "<group>";
		};
		82A8473324AF36630002AED8 /* Semafor */ = {
			isa = PBXGroup;
			children = (
				8259FA0924B5E1FA00371AEE /* Extensions */,
				82A8474A24AF36C00002AED8 /* Models */,
				82A8474924AF36B70002AED8 /* ViewControllers */,
				82A8474824AF36AF0002AED8 /* Views */,
				82A8473424AF36630002AED8 /* AppDelegate.swift */,
				82A8473624AF36630002AED8 /* SceneDelegate.swift */,
				82A8473A24AF36630002AED8 /* Main.storyboard */,
				82A8473D24AF36670002AED8 /* Assets.xcassets */,
				82A8473F24AF36670002AED8 /* LaunchScreen.storyboard */,
				82A8474224AF36670002AED8 /* Info.plist */,
			);
			path = Semafor;
			sourceTree = "<group>";
		};
		82A8474824AF36AF0002AED8 /* Views */ = {
			isa = PBXGroup;
			children = (
				82A8475524AF44440002AED8 /* SemaforView.swift */,
				8250AED324B472F5000E69D6 /* SemaforTableViewCell.swift */,
				8264459324C0681600F95B5C /* ManjiSemaforView.swift */,
			);
			path = Views;
			sourceTree = "<group>";
		};
		82A8474924AF36B70002AED8 /* ViewControllers */ = {
			isa = PBXGroup;
			children = (
				82A8473824AF36630002AED8 /* ViewController.swift */,
				8250AED524B47315000E69D6 /* SemaforTableViewController.swift */,
			);
			path = ViewControllers;
			sourceTree = "<group>";
		};
		82A8474A24AF36C00002AED8 /* Models */ = {
			isa = PBXGroup;
			children = (
				824FFE4924B31C2900910DB7 /* Intervals.swift */,
			);
			path = Models;
			sourceTree = "<group>";
		};
/* End PBXGroup section */

/* Begin PBXNativeTarget section */
		82A8473024AF36630002AED8 /* Semafor */ = {
			isa = PBXNativeTarget;
			buildConfigurationList = 82A8474524AF36670002AED8 /* Build configuration list for PBXNativeTarget "Semafor" */;
			buildPhases = (
				82A8472D24AF36630002AED8 /* Sources */,
				82A8472E24AF36630002AED8 /* Frameworks */,
				82A8472F24AF36630002AED8 /* Resources */,
			);
			buildRules = (
			);
			dependencies = (
			);
			name = Semafor;
			productName = Semafor;
			productReference = 82A8473124AF36630002AED8 /* Semafor.app */;
			productType = "com.apple.product-type.application";
		};
/* End PBXNativeTarget section */

/* Begin PBXProject section */
		82A8472924AF36630002AED8 /* Project object */ = {
			isa = PBXProject;
			attributes = {
				LastSwiftUpdateCheck = 1150;
				LastUpgradeCheck = 1150;
				ORGANIZATIONNAME = "Katarina Veljkovic";
				TargetAttributes = {
					82A8473024AF36630002AED8 = {
						CreatedOnToolsVersion = 11.5;
					};
				};
			};
			buildConfigurationList = 82A8472C24AF36630002AED8 /* Build configuration list for PBXProject "Semafor" */;
			compatibilityVersion = "Xcode 9.3";
			developmentRegion = en;
			hasScannedForEncodings = 0;
			knownRegions = (
				en,
				Base,
			);
			mainGroup = 82A8472824AF36630002AED8;
			productRefGroup = 82A8473224AF36630002AED8 /* Products */;
			projectDirPath = "";
			projectRoot = "";
			targets = (
				82A8473024AF36630002AED8 /* Semafor */,
			);
		};
/* End PBXProject section */

/* Begin PBXResourcesBuildPhase section */
		82A8472F24AF36630002AED8 /* Resources */ = {
			isa = PBXResourcesBuildPhase;
			buildActionMask = 2147483647;
			files = (
				82A8474124AF36670002AED8 /* LaunchScreen.storyboard in Resources */,
				82A8473E24AF36670002AED8 /* Assets.xcassets in Resources */,
				82A8473C24AF36630002AED8 /* Main.storyboard in Resources */,
			);
			runOnlyForDeploymentPostprocessing = 0;
		};
/* End PBXResourcesBuildPhase section */

/* Begin PBXSourcesBuildPhase section */
		82A8472D24AF36630002AED8 /* Sources */ = {
			isa = PBXSourcesBuildPhase;
			buildActionMask = 2147483647;
			files = (
				8250AED424B472F5000E69D6 /* SemaforTableViewCell.swift in Sources */,
				82A8475624AF44440002AED8 /* SemaforView.swift in Sources */,
				82A8473924AF36630002AED8 /* ViewController.swift in Sources */,
				8264459424C0681600F95B5C /* ManjiSemaforView.swift in Sources */,
				82A8473524AF36630002AED8 /* AppDelegate.swift in Sources */,
				8259FA0B24B5E21100371AEE /* UIView+Additions.swift in Sources */,
				824FFE4A24B31C2900910DB7 /* Intervals.swift in Sources */,
				82A8473724AF36630002AED8 /* SceneDelegate.swift in Sources */,
				8250AED624B47315000E69D6 /* SemaforTableViewController.swift in Sources */,
			);
			runOnlyForDeploymentPostprocessing = 0;
		};
/* End PBXSourcesBuildPhase section */

/* Begin PBXVariantGroup section */
		82A8473A24AF36630002AED8 /* Main.storyboard */ = {
			isa = PBXVariantGroup;
			children = (
				82A8473B24AF36630002AED8 /* Base */,
			);
			name = Main.storyboard;
			sourceTree = "<group>";
		};
		82A8473F24AF36670002AED8 /* LaunchScreen.storyboard */ = {
			isa = PBXVariantGroup;
			children = (
				82A8474024AF36670002AED8 /* Base */,
			);
			name = LaunchScreen.storyboard;
			sourceTree = "<group>";
		};
/* End PBXVariantGroup section */

/* Begin XCBuildConfiguration section */
		82A8474324AF36670002AED8 /* Debug */ = {
			isa = XCBuildConfiguration;
			buildSettings = {
				ALWAYS_SEARCH_USER_PATHS = NO;
				CLANG_ANALYZER_NONNULL = YES;
				CLANG_ANALYZER_NUMBER_OBJECT_CONVERSION = YES_AGGRESSIVE;
				CLANG_CXX_LANGUAGE_STANDARD = "gnu++14";
				CLANG_CXX_LIBRARY = "libc++";
				CLANG_ENABLE_MODULES = YES;
				CLANG_ENABLE_OBJC_ARC = YES;
				CLANG_ENABLE_OBJC_WEAK = YES;
				CLANG_WARN_BLOCK_CAPTURE_AUTORELEASING = YES;
				CLANG_WARN_BOOL_CONVERSION = YES;
				CLANG_WARN_COMMA = YES;
				CLANG_WARN_CONSTANT_CONVERSION = YES;
				CLANG_WARN_DEPRECATED_OBJC_IMPLEMENTATIONS = YES;
				CLANG_WARN_DIRECT_OBJC_ISA_USAGE = YES_ERROR;
				CLANG_WARN_DOCUMENTATION_COMMENTS = YES;
				CLANG_WARN_EMPTY_BODY = YES;
				CLANG_WARN_ENUM_CONVERSION = YES;
				CLANG_WARN_INFINITE_RECURSION = YES;
				CLANG_WARN_INT_CONVERSION = YES;
				CLANG_WARN_NON_LITERAL_NULL_CONVERSION = YES;
				CLANG_WARN_OBJC_IMPLICIT_RETAIN_SELF = YES;
				CLANG_WARN_OBJC_LITERAL_CONVERSION = YES;
				CLANG_WARN_OBJC_ROOT_CLASS = YES_ERROR;
				CLANG_WARN_RANGE_LOOP_ANALYSIS = YES;
				CLANG_WARN_STRICT_PROTOTYPES = YES;
				CLANG_WARN_SUSPICIOUS_MOVE = YES;
				CLANG_WARN_UNGUARDED_AVAILABILITY = YES_AGGRESSIVE;
				CLANG_WARN_UNREACHABLE_CODE = YES;
				CLANG_WARN__DUPLICATE_METHOD_MATCH = YES;
				COPY_PHASE_STRIP = NO;
				DEBUG_INFORMATION_FORMAT = dwarf;
				ENABLE_STRICT_OBJC_MSGSEND = YES;
				ENABLE_TESTABILITY = YES;
				GCC_C_LANGUAGE_STANDARD = gnu11;
				GCC_DYNAMIC_NO_PIC = NO;
				GCC_NO_COMMON_BLOCKS = YES;
				GCC_OPTIMIZATION_LEVEL = 0;
				GCC_PREPROCESSOR_DEFINITIONS = (
					"DEBUG=1",
					"$(inherited)",
				);
				GCC_WARN_64_TO_32_BIT_CONVERSION = YES;
				GCC_WARN_ABOUT_RETURN_TYPE = YES_ERROR;
				GCC_WARN_UNDECLARED_SELECTOR = YES;
				GCC_WARN_UNINITIALIZED_AUTOS = YES_AGGRESSIVE;
				GCC_WARN_UNUSED_FUNCTION = YES;
				GCC_WARN_UNUSED_VARIABLE = YES;
				IPHONEOS_DEPLOYMENT_TARGET = 13.5;
				MTL_ENABLE_DEBUG_INFO = INCLUDE_SOURCE;
				MTL_FAST_MATH = YES;
				ONLY_ACTIVE_ARCH = YES;
				SDKROOT = iphoneos;
				SWIFT_ACTIVE_COMPILATION_CONDITIONS = DEBUG;
				SWIFT_OPTIMIZATION_LEVEL = "-Onone";
			};
			name = Debug;
		};
		82A8474424AF36670002AED8 /* Release */ = {
			isa = XCBuildConfiguration;
			buildSettings = {
				ALWAYS_SEARCH_USER_PATHS = NO;
				CLANG_ANALYZER_NONNULL = YES;
				CLANG_ANALYZER_NUMBER_OBJECT_CONVERSION = YES_AGGRESSIVE;
				CLANG_CXX_LANGUAGE_STANDARD = "gnu++14";
				CLANG_CXX_LIBRARY = "libc++";
				CLANG_ENABLE_MODULES = YES;
				CLANG_ENABLE_OBJC_ARC = YES;
				CLANG_ENABLE_OBJC_WEAK = YES;
				CLANG_WARN_BLOCK_CAPTURE_AUTORELEASING = YES;
				CLANG_WARN_BOOL_CONVERSION = YES;
				CLANG_WARN_COMMA = YES;
				CLANG_WARN_CONSTANT_CONVERSION = YES;
				CLANG_WARN_DEPRECATED_OBJC_IMPLEMENTATIONS = YES;
				CLANG_WARN_DIRECT_OBJC_ISA_USAGE = YES_ERROR;
				CLANG_WARN_DOCUMENTATION_COMMENTS = YES;
				CLANG_WARN_EMPTY_BODY = YES;
				CLANG_WARN_ENUM_CONVERSION = YES;
				CLANG_WARN_INFINITE_RECURSION = YES;
				CLANG_WARN_INT_CONVERSION = YES;
				CLANG_WARN_NON_LITERAL_NULL_CONVERSION = YES;
				CLANG_WARN_OBJC_IMPLICIT_RETAIN_SELF = YES;
				CLANG_WARN_OBJC_LITERAL_CONVERSION = YES;
				CLANG_WARN_OBJC_ROOT_CLASS = YES_ERROR;
				CLANG_WARN_RANGE_LOOP_ANALYSIS = YES;
				CLANG_WARN_STRICT_PROTOTYPES = YES;
				CLANG_WARN_SUSPICIOUS_MOVE = YES;
				CLANG_WARN_UNGUARDED_AVAILABILITY = YES_AGGRESSIVE;
				CLANG_WARN_UNREACHABLE_CODE = YES;
				CLANG_WARN__DUPLICATE_METHOD_MATCH = YES;
				COPY_PHASE_STRIP = NO;
				DEBUG_INFORMATION_FORMAT = "dwarf-with-dsym";
				ENABLE_NS_ASSERTIONS = NO;
				ENABLE_STRICT_OBJC_MSGSEND = YES;
				GCC_C_LANGUAGE_STANDARD = gnu11;
				GCC_NO_COMMON_BLOCKS = YES;
				GCC_WARN_64_TO_32_BIT_CONVERSION = YES;
				GCC_WARN_ABOUT_RETURN_TYPE = YES_ERROR;
				GCC_WARN_UNDECLARED_SELECTOR = YES;
				GCC_WARN_UNINITIALIZED_AUTOS = YES_AGGRESSIVE;
				GCC_WARN_UNUSED_FUNCTION = YES;
				GCC_WARN_UNUSED_VARIABLE = YES;
				IPHONEOS_DEPLOYMENT_TARGET = 13.5;
				MTL_ENABLE_DEBUG_INFO = NO;
				MTL_FAST_MATH = YES;
				SDKROOT = iphoneos;
				SWIFT_COMPILATION_MODE = wholemodule;
				SWIFT_OPTIMIZATION_LEVEL = "-O";
				VALIDATE_PRODUCT = YES;
			};
			name = Release;
		};
		82A8474624AF36670002AED8 /* Debug */ = {
			isa = XCBuildConfiguration;
			buildSettings = {
				ASSETCATALOG_COMPILER_APPICON_NAME = AppIcon;
				CODE_SIGN_STYLE = Automatic;
				INFOPLIST_FILE = Semafor/Info.plist;
				LD_RUNPATH_SEARCH_PATHS = (
					"$(inherited)",
					"@executable_path/Frameworks",
				);
				PRODUCT_BUNDLE_IDENTIFIER = ryry.Semafor;
				PRODUCT_NAME = "$(TARGET_NAME)";
				SWIFT_VERSION = 5.0;
				TARGETED_DEVICE_FAMILY = "1,2";
			};
			name = Debug;
		};
		82A8474724AF36670002AED8 /* Release */ = {
			isa = XCBuildConfiguration;
			buildSettings = {
				ASSETCATALOG_COMPILER_APPICON_NAME = AppIcon;
				CODE_SIGN_STYLE = Automatic;
				INFOPLIST_FILE = Semafor/Info.plist;
				LD_RUNPATH_SEARCH_PATHS = (
					"$(inherited)",
					"@executable_path/Frameworks",
				);
				PRODUCT_BUNDLE_IDENTIFIER = ryry.Semafor;
				PRODUCT_NAME = "$(TARGET_NAME)";
				SWIFT_VERSION = 5.0;
				TARGETED_DEVICE_FAMILY = "1,2";
			};
			name = Release;
		};
/* End XCBuildConfiguration section */

/* Begin XCConfigurationList section */
		82A8472C24AF36630002AED8 /* Build configuration list for PBXProject "Semafor" */ = {
			isa = XCConfigurationList;
			buildConfigurations = (
				82A8474324AF36670002AED8 /* Debug */,
				82A8474424AF36670002AED8 /* Release */,
			);
			defaultConfigurationIsVisible = 0;
			defaultConfigurationName = Release;
		};
		82A8474524AF36670002AED8 /* Build configuration list for PBXNativeTarget "Semafor" */ = {
			isa = XCConfigurationList;
			buildConfigurations = (
				82A8474624AF36670002AED8 /* Debug */,
				82A8474724AF36670002AED8 /* Release */,
			);
			defaultConfigurationIsVisible = 0;
			defaultConfigurationName = Release;
		};
/* End XCConfigurationList section */
	};
	rootObject = 82A8472924AF36630002AED8 /* Project object */;
}
